
Microsoft Visual Studio Solution File, Format Version 12.00
# Visual Studio Version 16
VisualStudioVersion = 16.0.30225.117
MinimumVisualStudioVersion = 15.0.26124.0
Project("{9A19103F-16F7-4668-BE54-9A1E7A4F7556}") = "abandoned-vehicle-service", "src\abandoned-vehicle-service.csproj", "{59117A43-BCD0-47D9-B819-669A6BA84B36}"
EndProject
Project("{9A19103F-16F7-4668-BE54-9A1E7A4F7556}") = "abandoned-vehicle-service-tests", "tests\abandoned-vehicle-service-tests.csproj", "{015738DB-9ABF-4363-BED9-856AD4612608}"
EndProject
Global
	GlobalSection(SolutionConfigurationPlatforms) = preSolution
		Debug|Any CPU = Debug|Any CPU
		Debug|x64 = Debug|x64
		Debug|x86 = Debug|x86
		Release|Any CPU = Release|Any CPU
		Release|x64 = Release|x64
		Release|x86 = Release|x86
	EndGlobalSection
	GlobalSection(ProjectConfigurationPlatforms) = postSolution
		{59117A43-BCD0-47D9-B819-669A6BA84B36}.Debug|Any CPU.ActiveCfg = Debug|Any CPU
		{59117A43-BCD0-47D9-B819-669A6BA84B36}.Debug|Any CPU.Build.0 = Debug|Any CPU
		{59117A43-BCD0-47D9-B819-669A6BA84B36}.Debug|x64.ActiveCfg = Debug|Any CPU
		{59117A43-BCD0-47D9-B819-669A6BA84B36}.Debug|x64.Build.0 = Debug|Any CPU
		{59117A43-BCD0-47D9-B819-669A6BA84B36}.Debug|x86.ActiveCfg = Debug|Any CPU
		{59117A43-BCD0-47D9-B819-669A6BA84B36}.Debug|x86.Build.0 = Debug|Any CPU
		{59117A43-BCD0-47D9-B819-669A6BA84B36}.Release|Any CPU.ActiveCfg = Release|Any CPU
		{59117A43-BCD0-47D9-B819-669A6BA84B36}.Release|Any CPU.Build.0 = Release|Any CPU
		{59117A43-BCD0-47D9-B819-669A6BA84B36}.Release|x64.ActiveCfg = Release|Any CPU
		{59117A43-BCD0-47D9-B819-669A6BA84B36}.Release|x64.Build.0 = Release|Any CPU
		{59117A43-BCD0-47D9-B819-669A6BA84B36}.Release|x86.ActiveCfg = Release|Any CPU
		{59117A43-BCD0-47D9-B819-669A6BA84B36}.Release|x86.Build.0 = Release|Any CPU
		{015738DB-9ABF-4363-BED9-856AD4612608}.Debug|Any CPU.ActiveCfg = Debug|Any CPU
		{015738DB-9ABF-4363-BED9-856AD4612608}.Debug|Any CPU.Build.0 = Debug|Any CPU
		{015738DB-9ABF-4363-BED9-856AD4612608}.Debug|x64.ActiveCfg = Debug|Any CPU
		{015738DB-9ABF-4363-BED9-856AD4612608}.Debug|x64.Build.0 = Debug|Any CPU
		{015738DB-9ABF-4363-BED9-856AD4612608}.Debug|x86.ActiveCfg = Debug|Any CPU
		{015738DB-9ABF-4363-BED9-856AD4612608}.Debug|x86.Build.0 = Debug|Any CPU
		{015738DB-9ABF-4363-BED9-856AD4612608}.Release|Any CPU.ActiveCfg = Release|Any CPU
		{015738DB-9ABF-4363-BED9-856AD4612608}.Release|Any CPU.Build.0 = Release|Any CPU
		{015738DB-9ABF-4363-BED9-856AD4612608}.Release|x64.ActiveCfg = Release|Any CPU
		{015738DB-9ABF-4363-BED9-856AD4612608}.Release|x64.Build.0 = Release|Any CPU
		{015738DB-9ABF-4363-BED9-856AD4612608}.Release|x86.ActiveCfg = Release|Any CPU
		{015738DB-9ABF-4363-BED9-856AD4612608}.Release|x86.Build.0 = Release|Any CPU
	EndGlobalSection
	GlobalSection(SolutionProperties) = preSolution
		HideSolutionNode = FALSE
	EndGlobalSection
	GlobalSection(ExtensibilityGlobals) = postSolution
		SolutionGuid = {70EBA01B-A13C-4108-8C46-DB2838520A05}
	EndGlobalSection
EndGlobal
